PODS:
  - Canvas (0.1.2)
  - Hero (1.0.0)
  - SwiftyJSON (3.1.4)

DEPENDENCIES:
  - Canvas
  - Hero (~> 1.0)
  - SwiftyJSON

SPEC CHECKSUMS:
  Canvas: eb861e3b555d032648146c8ffda1a5dea40059ca
  Hero: 18e7cf8af41c04c8532d1430ac174004a9365c87
  SwiftyJSON: c2842d878f95482ffceec5709abc3d05680c0220

PODFILE CHECKSUM: e8c9cf95de032babe994d79020c7d353a142e201

COCOAPODS: 1.4.0
